
Microsoft Visual Studio Solution File, Format Version 12.00
# Visual Studio Version 17
VisualStudioVersion = 17.10.35013.160
MinimumVisualStudioVersion = 10.0.40219.1
Project("{FAE04EC0-301F-11D3-BF4B-00C04F79EFBC}") = "MultiLevelInheritanceDemo", "MultiLevelInheritanceDemo.csproj", "{B1D47E47-91F0-4CC3-BBBC-B0DD9A12213D}"
EndProject
Global
	GlobalSection(SolutionConfigurationPlatforms) = preSolution
		Debug|Any CPU = Debug|Any CPU
		Release|Any CPU = Release|Any CPU
	EndGlobalSection
	GlobalSection(ProjectConfigurationPlatforms) = postSolution
		{B1D47E47-91F0-4CC3-BBBC-B0DD9A12213D}.Debug|Any CPU.ActiveCfg = Debug|Any CPU
		{B1D47E47-91F0-4CC3-BBBC-B0DD9A12213D}.Debug|Any CPU.Build.0 = Debug|Any CPU
		{B1D47E47-91F0-4CC3-BBBC-B0DD9A12213D}.Release|Any CPU.ActiveCfg = Release|Any CPU
		{B1D47E47-91F0-4CC3-BBBC-B0DD9A12213D}.Release|Any CPU.Build.0 = Release|Any CPU
	EndGlobalSection
	GlobalSection(SolutionProperties) = preSolution
		HideSolutionNode = FALSE
	EndGlobalSection
	GlobalSection(ExtensibilityGlobals) = postSolution
		SolutionGuid = {832ECF52-7285-4DEF-959B-63FAE524AE89}
	EndGlobalSection
EndGlobal
